
Microsoft Visual Studio Solution File, Format Version 12.00
# Visual Studio 14
VisualStudioVersion = 14.0.24720.0
MinimumVisualStudioVersion = 10.0.40219.1
Project("{FAE04EC0-301F-11D3-BF4B-00C04F79EFBC}") = "AuthenticatedOwinIntegrationTests", "AuthenticatedOwinIntegrationTests\AuthenticatedOwinIntegrationTests.csproj", "{BF9ADD84-BE47-47A1-BEFB-FF78621F5C5D}"
EndProject
Project("{FAE04EC0-301F-11D3-BF4B-00C04F79EFBC}") = "AuthenticatedOwinIntegrationTests.Test", "AuthenticatedOwinIntegrationTests.Test\AuthenticatedOwinIntegrationTests.Test.csproj", "{B5955558-F96D-4856-BAE3-1E6827E4A26A}"
EndProject
Global
	GlobalSection(SolutionConfigurationPlatforms) = preSolution
		Debug|Any CPU = Debug|Any CPU
		Release|Any CPU = Release|Any CPU
	EndGlobalSection
	GlobalSection(ProjectConfigurationPlatforms) = postSolution
		{BF9ADD84-BE47-47A1-BEFB-FF78621F5C5D}.Debug|Any CPU.ActiveCfg = Debug|Any CPU
		{BF9ADD84-BE47-47A1-BEFB-FF78621F5C5D}.Debug|Any CPU.Build.0 = Debug|Any CPU
		{BF9ADD84-BE47-47A1-BEFB-FF78621F5C5D}.Release|Any CPU.ActiveCfg = Release|Any CPU
		{BF9ADD84-BE47-47A1-BEFB-FF78621F5C5D}.Release|Any CPU.Build.0 = Release|Any CPU
		{B5955558-F96D-4856-BAE3-1E6827E4A26A}.Debug|Any CPU.ActiveCfg = Debug|Any CPU
		{B5955558-F96D-4856-BAE3-1E6827E4A26A}.Debug|Any CPU.Build.0 = Debug|Any CPU
		{B5955558-F96D-4856-BAE3-1E6827E4A26A}.Release|Any CPU.ActiveCfg = Release|Any CPU
		{B5955558-F96D-4856-BAE3-1E6827E4A26A}.Release|Any CPU.Build.0 = Release|Any CPU
	EndGlobalSection
	GlobalSection(SolutionProperties) = preSolution
		HideSolutionNode = FALSE
	EndGlobalSection
EndGlobal
